
Microsoft Visual Studio Solution File, Format Version 12.00
# Visual Studio Version 17
VisualStudioVersion = 17.10.35013.160
MinimumVisualStudioVersion = 10.0.40219.1
Project("{2150E333-8FDC-42A3-9474-1A3956D46DE8}") = "Core", "Core", "{029C56B2-55CA-45D2-91E3-654473D945C6}"
EndProject
Project("{2150E333-8FDC-42A3-9474-1A3956D46DE8}") = "Samples", "Samples", "{305938AB-B374-4C53-9693-74708D9A247A}"
EndProject
Project("{9A19103F-16F7-4668-BE54-9A1E7A4F7556}") = "Zen.Barcode.Core", "Zen.Barcode.Core\Zen.Barcode.Core.csproj", "{77484B9B-7400-4C6E-A997-CAB7FA7F9B1E}"
EndProject
Project("{9A19103F-16F7-4668-BE54-9A1E7A4F7556}") = "NetCoreSample", "NetCoreSample\NetCoreSample.csproj", "{B678AD87-CBDC-4C8D-8A85-225D0BD2A30A}"
EndProject
Global
	GlobalSection(SolutionConfigurationPlatforms) = preSolution
		Debug x64|Any CPU = Debug x64|Any CPU
		Debug x64|Mixed Platforms = Debug x64|Mixed Platforms
		Debug x64|x86 = Debug x64|x86
		Debug|Any CPU = Debug|Any CPU
		Debug|Mixed Platforms = Debug|Mixed Platforms
		Debug|x86 = Debug|x86
		Release x64|Any CPU = Release x64|Any CPU
		Release x64|Mixed Platforms = Release x64|Mixed Platforms
		Release x64|x86 = Release x64|x86
		Release|Any CPU = Release|Any CPU
		Release|Mixed Platforms = Release|Mixed Platforms
		Release|x86 = Release|x86
		Signed Release x64|Any CPU = Signed Release x64|Any CPU
		Signed Release x64|Mixed Platforms = Signed Release x64|Mixed Platforms
		Signed Release x64|x86 = Signed Release x64|x86
		Signed Release|Any CPU = Signed Release|Any CPU
		Signed Release|Mixed Platforms = Signed Release|Mixed Platforms
		Signed Release|x86 = Signed Release|x86
	EndGlobalSection
	GlobalSection(ProjectConfigurationPlatforms) = postSolution
		{77484B9B-7400-4C6E-A997-CAB7FA7F9B1E}.Debug x64|Any CPU.ActiveCfg = Debug|Any CPU
		{77484B9B-7400-4C6E-A997-CAB7FA7F9B1E}.Debug x64|Any CPU.Build.0 = Debug|Any CPU
		{77484B9B-7400-4C6E-A997-CAB7FA7F9B1E}.Debug x64|Mixed Platforms.ActiveCfg = Debug|Any CPU
		{77484B9B-7400-4C6E-A997-CAB7FA7F9B1E}.Debug x64|Mixed Platforms.Build.0 = Debug|Any CPU
		{77484B9B-7400-4C6E-A997-CAB7FA7F9B1E}.Debug x64|x86.ActiveCfg = Debug|Any CPU
		{77484B9B-7400-4C6E-A997-CAB7FA7F9B1E}.Debug|Any CPU.ActiveCfg = Debug|Any CPU
		{77484B9B-7400-4C6E-A997-CAB7FA7F9B1E}.Debug|Any CPU.Build.0 = Debug|Any CPU
		{77484B9B-7400-4C6E-A997-CAB7FA7F9B1E}.Debug|Mixed Platforms.ActiveCfg = Debug|Any CPU
		{77484B9B-7400-4C6E-A997-CAB7FA7F9B1E}.Debug|Mixed Platforms.Build.0 = Debug|Any CPU
		{77484B9B-7400-4C6E-A997-CAB7FA7F9B1E}.Debug|x86.ActiveCfg = Debug|Any CPU
		{77484B9B-7400-4C6E-A997-CAB7FA7F9B1E}.Release x64|Any CPU.ActiveCfg = Release|Any CPU
		{77484B9B-7400-4C6E-A997-CAB7FA7F9B1E}.Release x64|Any CPU.Build.0 = Release|Any CPU
		{77484B9B-7400-4C6E-A997-CAB7FA7F9B1E}.Release x64|Mixed Platforms.ActiveCfg = Release|Any CPU
		{77484B9B-7400-4C6E-A997-CAB7FA7F9B1E}.Release x64|Mixed Platforms.Build.0 = Release|Any CPU
		{77484B9B-7400-4C6E-A997-CAB7FA7F9B1E}.Release x64|x86.ActiveCfg = Release|Any CPU
		{77484B9B-7400-4C6E-A997-CAB7FA7F9B1E}.Release|Any CPU.ActiveCfg = Release|Any CPU
		{77484B9B-7400-4C6E-A997-CAB7FA7F9B1E}.Release|Any CPU.Build.0 = Release|Any CPU
		{77484B9B-7400-4C6E-A997-CAB7FA7F9B1E}.Release|Mixed Platforms.ActiveCfg = Release|Any CPU
		{77484B9B-7400-4C6E-A997-CAB7FA7F9B1E}.Release|Mixed Platforms.Build.0 = Release|Any CPU
		{77484B9B-7400-4C6E-A997-CAB7FA7F9B1E}.Release|x86.ActiveCfg = Release|Any CPU
		{77484B9B-7400-4C6E-A997-CAB7FA7F9B1E}.Signed Release x64|Any CPU.ActiveCfg = Signed Release x64|Any CPU
		{77484B9B-7400-4C6E-A997-CAB7FA7F9B1E}.Signed Release x64|Any CPU.Build.0 = Signed Release x64|Any CPU
		{77484B9B-7400-4C6E-A997-CAB7FA7F9B1E}.Signed Release x64|Mixed Platforms.ActiveCfg = Signed Release x64|Any CPU
		{77484B9B-7400-4C6E-A997-CAB7FA7F9B1E}.Signed Release x64|Mixed Platforms.Build.0 = Signed Release x64|Any CPU
		{77484B9B-7400-4C6E-A997-CAB7FA7F9B1E}.Signed Release x64|x86.ActiveCfg = Signed Release x64|Any CPU
		{77484B9B-7400-4C6E-A997-CAB7FA7F9B1E}.Signed Release|Any CPU.ActiveCfg = Signed Release|Any CPU
		{77484B9B-7400-4C6E-A997-CAB7FA7F9B1E}.Signed Release|Any CPU.Build.0 = Signed Release|Any CPU
		{77484B9B-7400-4C6E-A997-CAB7FA7F9B1E}.Signed Release|Mixed Platforms.ActiveCfg = Signed Release|Any CPU
		{77484B9B-7400-4C6E-A997-CAB7FA7F9B1E}.Signed Release|Mixed Platforms.Build.0 = Signed Release|Any CPU
		{77484B9B-7400-4C6E-A997-CAB7FA7F9B1E}.Signed Release|x86.ActiveCfg = Signed Release|Any CPU
		{B678AD87-CBDC-4C8D-8A85-225D0BD2A30A}.Debug x64|Any CPU.ActiveCfg = Debug|Any CPU
		{B678AD87-CBDC-4C8D-8A85-225D0BD2A30A}.Debug x64|Any CPU.Build.0 = Debug|Any CPU
		{B678AD87-CBDC-4C8D-8A85-225D0BD2A30A}.Debug x64|Mixed Platforms.ActiveCfg = Debug|Any CPU
		{B678AD87-CBDC-4C8D-8A85-225D0BD2A30A}.Debug x64|Mixed Platforms.Build.0 = Debug|Any CPU
		{B678AD87-CBDC-4C8D-8A85-225D0BD2A30A}.Debug x64|x86.ActiveCfg = Debug|Any CPU
		{B678AD87-CBDC-4C8D-8A85-225D0BD2A30A}.Debug x64|x86.Build.0 = Debug|Any CPU
		{B678AD87-CBDC-4C8D-8A85-225D0BD2A30A}.Debug|Any CPU.ActiveCfg = Debug|Any CPU
		{B678AD87-CBDC-4C8D-8A85-225D0BD2A30A}.Debug|Any CPU.Build.0 = Debug|Any CPU
		{B678AD87-CBDC-4C8D-8A85-225D0BD2A30A}.Debug|Mixed Platforms.ActiveCfg = Debug|Any CPU
		{B678AD87-CBDC-4C8D-8A85-225D0BD2A30A}.Debug|Mixed Platforms.Build.0 = Debug|Any CPU
		{B678AD87-CBDC-4C8D-8A85-225D0BD2A30A}.Debug|x86.ActiveCfg = Debug|Any CPU
		{B678AD87-CBDC-4C8D-8A85-225D0BD2A30A}.Debug|x86.Build.0 = Debug|Any CPU
		{B678AD87-CBDC-4C8D-8A85-225D0BD2A30A}.Release x64|Any CPU.ActiveCfg = Release|Any CPU
		{B678AD87-CBDC-4C8D-8A85-225D0BD2A30A}.Release x64|Any CPU.Build.0 = Release|Any CPU
		{B678AD87-CBDC-4C8D-8A85-225D0BD2A30A}.Release x64|Mixed Platforms.ActiveCfg = Release|Any CPU
		{B678AD87-CBDC-4C8D-8A85-225D0BD2A30A}.Release x64|Mixed Platforms.Build.0 = Release|Any CPU
		{B678AD87-CBDC-4C8D-8A85-225D0BD2A30A}.Release x64|x86.ActiveCfg = Release|Any CPU
		{B678AD87-CBDC-4C8D-8A85-225D0BD2A30A}.Release x64|x86.Build.0 = Release|Any CPU
		{B678AD87-CBDC-4C8D-8A85-225D0BD2A30A}.Release|Any CPU.ActiveCfg = Release|Any CPU
		{B678AD87-CBDC-4C8D-8A85-225D0BD2A30A}.Release|Any CPU.Build.0 = Release|Any CPU
		{B678AD87-CBDC-4C8D-8A85-225D0BD2A30A}.Release|Mixed Platforms.ActiveCfg = Release|Any CPU
		{B678AD87-CBDC-4C8D-8A85-225D0BD2A30A}.Release|Mixed Platforms.Build.0 = Release|Any CPU
		{B678AD87-CBDC-4C8D-8A85-225D0BD2A30A}.Release|x86.ActiveCfg = Release|Any CPU
		{B678AD87-CBDC-4C8D-8A85-225D0BD2A30A}.Release|x86.Build.0 = Release|Any CPU
		{B678AD87-CBDC-4C8D-8A85-225D0BD2A30A}.Signed Release x64|Any CPU.ActiveCfg = Release|Any CPU
		{B678AD87-CBDC-4C8D-8A85-225D0BD2A30A}.Signed Release x64|Any CPU.Build.0 = Release|Any CPU
		{B678AD87-CBDC-4C8D-8A85-225D0BD2A30A}.Signed Release x64|Mixed Platforms.ActiveCfg = Release|Any CPU
		{B678AD87-CBDC-4C8D-8A85-225D0BD2A30A}.Signed Release x64|Mixed Platforms.Build.0 = Release|Any CPU
		{B678AD87-CBDC-4C8D-8A85-225D0BD2A30A}.Signed Release x64|x86.ActiveCfg = Release|Any CPU
		{B678AD87-CBDC-4C8D-8A85-225D0BD2A30A}.Signed Release x64|x86.Build.0 = Release|Any CPU
		{B678AD87-CBDC-4C8D-8A85-225D0BD2A30A}.Signed Release|Any CPU.ActiveCfg = Release|Any CPU
		{B678AD87-CBDC-4C8D-8A85-225D0BD2A30A}.Signed Release|Any CPU.Build.0 = Release|Any CPU
		{B678AD87-CBDC-4C8D-8A85-225D0BD2A30A}.Signed Release|Mixed Platforms.ActiveCfg = Release|Any CPU
		{B678AD87-CBDC-4C8D-8A85-225D0BD2A30A}.Signed Release|Mixed Platforms.Build.0 = Release|Any CPU
		{B678AD87-CBDC-4C8D-8A85-225D0BD2A30A}.Signed Release|x86.ActiveCfg = Release|Any CPU
		{B678AD87-CBDC-4C8D-8A85-225D0BD2A30A}.Signed Release|x86.Build.0 = Release|Any CPU
	EndGlobalSection
	GlobalSection(SolutionProperties) = preSolution
		HideSolutionNode = FALSE
	EndGlobalSection
	GlobalSection(NestedProjects) = preSolution
		{77484B9B-7400-4C6E-A997-CAB7FA7F9B1E} = {029C56B2-55CA-45D2-91E3-654473D945C6}
		{B678AD87-CBDC-4C8D-8A85-225D0BD2A30A} = {305938AB-B374-4C53-9693-74708D9A247A}
	EndGlobalSection
	GlobalSection(ExtensibilityGlobals) = postSolution
		SolutionGuid = {2E70CD1D-E925-4E40-A8C8-406AD77A3230}
	EndGlobalSection
EndGlobal
